{
  "name": "2018-midterms",
  "version": "0.1.0",
  "lockfileVersion": 1,
  "requires": true,
  "dependencies": {
    "@types/node": {
      "version": "8.0.53",
      "resolved": "https://registry.npmjs.org/@types/node/-/node-8.0.53.tgz",
      "integrity": "sha512-54Dm6NwYeiSQmRB1BLXKr5GELi0wFapR1npi8bnZhEcu84d/yQKqnwwXQ56hZ0RUbTG6L5nqDZaN3dgByQXQRQ=="
    },
    "boolbase": {
      "version": "1.0.0",
      "resolved": "https://registry.npmjs.org/boolbase/-/boolbase-1.0.0.tgz",
      "integrity": "sha1-aN/1++YMUes3cl6p4+0xDcwed24="
    },
    "cheerio": {
      "version": "1.0.0-rc.2",
      "resolved": "https://registry.npmjs.org/cheerio/-/cheerio-1.0.0-rc.2.tgz",
      "integrity": "sha1-S59TqBsn5NXawxwP/Qz6A8xoMNs=",
      "requires": {
        "css-select": "1.2.0",
        "dom-serializer": "0.1.0",
        "entities": "1.1.1",
        "htmlparser2": "3.9.2",
        "lodash": "4.17.4",
        "parse5": "3.0.3"
      }
    },
    "core-util-is": {
      "version": "1.0.2",
      "resolved": "https://registry.npmjs.org/core-util-is/-/core-util-is-1.0.2.tgz",
      "integrity": "sha1-tf1UIgqivFq1eqtxQMlAdUUDwac="
    },
    "css-select": {
      "version": "1.2.0",
      "resolved": "https://registry.npmjs.org/css-select/-/css-select-1.2.0.tgz",
      "integrity": "sha1-KzoRBTnFNV8c2NMUYj6HCxIeyFg=",
      "requires": {
        "boolbase": "1.0.0",
        "css-what": "2.1.0",
        "domutils": "1.5.1",
        "nth-check": "1.0.1"
      }
    },
    "css-what": {
      "version": "2.1.0",
      "resolved": "https://registry.npmjs.org/css-what/-/css-what-2.1.0.tgz",
      "integrity": "sha1-lGfQMsOM+u+58teVASUwYvh/ob0="
    },
    "dom-serializer": {
      "version": "0.1.0",
      "resolved": "https://registry.npmjs.org/dom-serializer/-/dom-serializer-0.1.0.tgz",
      "integrity": "sha1-BzxpdUbOB4DOI75KKOKT5AvDDII=",
      "requires": {
        "domelementtype": "1.1.3",
        "entities": "1.1.1"
      },
      "dependencies": {
        "domelementtype": {
          "version": "1.1.3",
          "resolved": "https://registry.npmjs.org/domelementtype/-/domelementtype-1.1.3.tgz",
          "integrity": "sha1-vSh3PiZCiBrsUVRJJCmcXNgiGFs="
        }
      }
    },
    "domelementtype": {
      "version": "1.3.0",
      "resolved": "https://registry.npmjs.org/domelementtype/-/domelementtype-1.3.0.tgz",
      "integrity": "sha1-sXrtguirWeUt2cGbF1bg/BhyBMI="
    },
    "domhandler": {
      "version": "2.4.1",
      "resolved": "https://registry.npmjs.org/domhandler/-/domhandler-2.4.1.tgz",
      "integrity": "sha1-iS5HAAqZvlW783dP/qBWHYh5wlk=",
      "requires": {
        "domelementtype": "1.3.0"
      }
    },
    "domutils": {
      "version": "1.5.1",
      "resolved": "https://registry.npmjs.org/domutils/-/domutils-1.5.1.tgz",
      "integrity": "sha1-3NhIiib1Y9YQeeSMn3t+Mjc2gs8=",
      "requires": {
        "dom-serializer": "0.1.0",
        "domelementtype": "1.3.0"
      }
    },
    "entities": {
      "version": "1.1.1",
      "resolved": "https://registry.npmjs.org/entities/-/entities-1.1.1.tgz",
      "integrity": "sha1-blwtClYhtdra7O+AuQ7ftc13cvA="
    },
    "express": {
      "version": "4.16.2",
      "resolved": "https://registry.npmjs.org/express/-/express-4.16.2.tgz",
      "integrity": "sha1-41xt/i1kt9ygpc1PIXgb4ymeB2w=",
      "requires": {
        "accepts": "1.3.4",
        "array-flatten": "1.1.1",
        "body-parser": "1.18.2",
        "content-disposition": "0.5.2",
        "content-type": "1.0.4",
        "cookie": "0.3.1",
        "cookie-signature": "1.0.6",
        "debug": "2.6.9",
        "depd": "1.1.1",
        "encodeurl": "1.0.1",
        "escape-html": "1.0.3",
        "etag": "1.8.1",
        "finalhandler": "1.1.0",
        "fresh": "0.5.2",
        "merge-descriptors": "1.0.1",
        "methods": "1.1.2",
        "on-finished": "2.3.0",
        "parseurl": "1.3.2",
        "path-to-regexp": "0.1.7",
        "proxy-addr": "2.0.2",
        "qs": "6.5.1",
        "range-parser": "1.2.0",
        "safe-buffer": "5.1.1",
        "send": "0.16.1",
        "serve-static": "1.13.1",
        "setprototypeof": "1.1.0",
        "statuses": "1.3.1",
        "type-is": "1.6.15",
        "utils-merge": "1.0.1",
        "vary": "1.1.2"
      },
      "dependencies": {
        "accepts": {
          "version": "1.3.4",
          "resolved": "https://registry.npmjs.org/accepts/-/accepts-1.3.4.tgz",
          "integrity": "sha1-hiRnWMfdbSGmR0/whKR0DsBesh8=",
          "requires": {
            "mime-types": "2.1.17",
            "negotiator": "0.6.1"
          },
          "dependencies": {
            "mime-types": {
              "version": "2.1.17",
              "resolved": "https://registry.npmjs.org/mime-types/-/mime-types-2.1.17.tgz",
              "integrity": "sha1-Cdejk/A+mVp5+K+Fe3Cp4KsWVXo=",
              "requires": {
                "mime-db": "1.30.0"
              },
              "dependencies": {
                "mime-db": {
                  "version": "1.30.0",
                  "resolved": "https://registry.npmjs.org/mime-db/-/mime-db-1.30.0.tgz",
                  "integrity": "sha1-dMZD2i3Z1qRTmZY0ZbJtXKfXHwE="
                }
              }
            },
            "negotiator": {
              "version": "0.6.1",
              "resolved": "https://registry.npmjs.org/negotiator/-/negotiator-0.6.1.tgz",
              "integrity": "sha1-KzJxhOiZIQEXeyhWP7XnECrNDKk="
            }
          }
        },
        "array-flatten": {
          "version": "1.1.1",
          "resolved": "https://registry.npmjs.org/array-flatten/-/array-flatten-1.1.1.tgz",
          "integrity": "sha1-ml9pkFGx5wczKPKgCJaLZOopVdI="
        },
        "body-parser": {
          "version": "1.18.2",
          "resolved": "https://registry.npmjs.org/body-parser/-/body-parser-1.18.2.tgz",
          "integrity": "sha1-h2eKGdhLR9hZuDGZvVm84iKxBFQ=",
          "requires": {
            "bytes": "3.0.0",
            "content-type": "1.0.4",
            "debug": "2.6.9",
            "depd": "1.1.1",
            "http-errors": "1.6.2",
            "iconv-lite": "0.4.19",
            "on-finished": "2.3.0",
            "qs": "6.5.1",
            "raw-body": "2.3.2",
            "type-is": "1.6.15"
          },
          "dependencies": {
            "bytes": {
              "version": "3.0.0",
              "resolved": "https://registry.npmjs.org/bytes/-/bytes-3.0.0.tgz",
              "integrity": "sha1-0ygVQE1olpn4Wk6k+odV3ROpYEg="
            },
            "http-errors": {
              "version": "1.6.2",
              "resolved": "https://registry.npmjs.org/http-errors/-/http-errors-1.6.2.tgz",
              "integrity": "sha1-CgAsyFcHGSp+eUbO7cERVfYOxzY=",
              "requires": {
                "depd": "1.1.1",
                "inherits": "2.0.3",
                "setprototypeof": "1.0.3",
                "statuses": "1.3.1"
              },
              "dependencies": {
                "inherits": {
                  "version": "2.0.3",
                  "resolved": "https://registry.npmjs.org/inherits/-/inherits-2.0.3.tgz",
                  "integrity": "sha1-Yzwsg+PaQqUC9SRmAiSA9CCCYd4="
                },
                "setprototypeof": {
                  "version": "1.0.3",
                  "resolved": "https://registry.npmjs.org/setprototypeof/-/setprototypeof-1.0.3.tgz",
                  "integrity": "sha1-ZlZ+NwQ+608E2RvWWMDL77VbjgQ="
                }
              }
            },
            "iconv-lite": {
              "version": "0.4.19",
              "resolved": "https://registry.npmjs.org/iconv-lite/-/iconv-lite-0.4.19.tgz",
              "integrity": "sha1-90aPYBNfXl2tM5nAqBvpoWA6CCs="
            },
            "raw-body": {
              "version": "2.3.2",
              "resolved": "https://registry.npmjs.org/raw-body/-/raw-body-2.3.2.tgz",
              "integrity": "sha1-vNYMd9Prk83gBQKVw/N5OJvIj4k=",
              "requires": {
                "bytes": "3.0.0",
                "http-errors": "1.6.2",
                "iconv-lite": "0.4.19",
                "unpipe": "1.0.0"
              },
              "dependencies": {
                "unpipe": {
                  "version": "1.0.0",
                  "resolved": "http://registry.npmjs.org/unpipe/-/unpipe-1.0.0.tgz",
                  "integrity": "sha1-sr9O6FFKrmFltIF4KdIbLvSZBOw="
                }
              }
            }
          }
        },
        "content-disposition": {
          "version": "0.5.2",
          "resolved": "https://registry.npmjs.org/content-disposition/-/content-disposition-0.5.2.tgz",
          "integrity": "sha1-DPaLud318r55YcOoUXjLhdunjLQ="
        },
        "content-type": {
          "version": "1.0.4",
          "resolved": "https://registry.npmjs.org/content-type/-/content-type-1.0.4.tgz",
          "integrity": "sha1-4TjMdeBAxyexlm/l5fjJruJW/js="
        },
        "cookie": {
          "version": "0.3.1",
          "resolved": "https://registry.npmjs.org/cookie/-/cookie-0.3.1.tgz",
          "integrity": "sha1-5+Ch+e9DtMi6klxcWpboBtFoc7s="
        },
        "cookie-signature": {
          "version": "1.0.6",
          "resolved": "https://registry.npmjs.org/cookie-signature/-/cookie-signature-1.0.6.tgz",
          "integrity": "sha1-4wOogrNCzD7oylE6eZmXNNqzriw="
        },
        "debug": {
          "version": "2.6.9",
          "resolved": "https://registry.npmjs.org/debug/-/debug-2.6.9.tgz",
          "integrity": "sha1-XRKFFd8TT/Mn6QpMk/Tgd6U2NB8=",
          "requires": {
            "ms": "2.0.0"
          },
          "dependencies": {
            "ms": {
              "version": "2.0.0",
              "resolved": "https://registry.npmjs.org/ms/-/ms-2.0.0.tgz",
              "integrity": "sha1-VgiurfwAvmwpAd9fmGF4jeDVl8g="
            }
          }
        },
        "depd": {
          "version": "1.1.1",
          "resolved": "https://registry.npmjs.org/depd/-/depd-1.1.1.tgz",
          "integrity": "sha1-V4O04cRZ8G+lyif5kfPQbnoxA1k="
        },
        "encodeurl": {
          "version": "1.0.1",
          "resolved": "https://registry.npmjs.org/encodeurl/-/encodeurl-1.0.1.tgz",
          "integrity": "sha1-eePVhlU0aQn+bw9Fpd5oEDspTSA="
        },
        "escape-html": {
          "version": "1.0.3",
          "resolved": "https://registry.npmjs.org/escape-html/-/escape-html-1.0.3.tgz",
          "integrity": "sha1-Aljq5NPQwJdN4cFpGI7wBR0dGYg="
        },
        "etag": {
          "version": "1.8.1",
          "resolved": "https://registry.npmjs.org/etag/-/etag-1.8.1.tgz",
          "integrity": "sha1-Qa4u62XvpiJorr/qg6x9eSmbCIc="
        },
        "finalhandler": {
          "version": "1.1.0",
          "resolved": "https://registry.npmjs.org/finalhandler/-/finalhandler-1.1.0.tgz",
          "integrity": "sha1-zgtoVbRYU+eRsvzGgARtiCU91/U=",
          "requires": {
            "debug": "2.6.9",
            "encodeurl": "1.0.1",
            "escape-html": "1.0.3",
            "on-finished": "2.3.0",
            "parseurl": "1.3.2",
            "statuses": "1.3.1",
            "unpipe": "1.0.0"
          },
          "dependencies": {
            "unpipe": {
              "version": "1.0.0",
              "resolved": "http://registry.npmjs.org/unpipe/-/unpipe-1.0.0.tgz",
              "integrity": "sha1-sr9O6FFKrmFltIF4KdIbLvSZBOw="
            }
          }
        },
        "fresh": {
          "version": "0.5.2",
          "resolved": "https://registry.npmjs.org/fresh/-/fresh-0.5.2.tgz",
          "integrity": "sha1-PYyt2Q2XZWn6g1qx+OSyOhBWBac="
        },
        "merge-descriptors": {
          "version": "1.0.1",
          "resolved": "https://registry.npmjs.org/merge-descriptors/-/merge-descriptors-1.0.1.tgz",
          "integrity": "sha1-sAqqVW3YtEVoFQ7J0blT8/kMu2E="
        },
        "methods": {
          "version": "1.1.2",
          "resolved": "https://registry.npmjs.org/methods/-/methods-1.1.2.tgz",
          "integrity": "sha1-VSmk1nZUE07cxSZmVoNbD4Ua/O4="
        },
        "on-finished": {
          "version": "2.3.0",
          "resolved": "http://registry.nodejitsu.com/on-finished/-/on-finished-2.3.0.tgz",
          "integrity": "sha1-IPEzZIGwg811M3mSoWlxqi2QaUc=",
          "requires": {
            "ee-first": "1.1.1"
          },
          "dependencies": {
            "ee-first": {
              "version": "1.1.1",
              "resolved": "https://registry.npmjs.org/ee-first/-/ee-first-1.1.1.tgz",
              "integrity": "sha1-WQxhFWsK4vTwJVcyoViyZrxWsh0="
            }
          }
        },
        "parseurl": {
          "version": "1.3.2",
          "resolved": "https://registry.npmjs.org/parseurl/-/parseurl-1.3.2.tgz",
          "integrity": "sha1-/CidTtiZMRlGDBViUyYs3I3mW/M="
        },
        "path-to-regexp": {
          "version": "0.1.7",
          "resolved": "https://registry.npmjs.org/path-to-regexp/-/path-to-regexp-0.1.7.tgz",
          "integrity": "sha1-32BBeABfUi8V60SQ5yR6G/qmf4w="
        },
        "proxy-addr": {
          "version": "2.0.2",
          "resolved": "https://registry.npmjs.org/proxy-addr/-/proxy-addr-2.0.2.tgz",
          "integrity": "sha1-ZXFQT0e7mI7IGAJT+F3X4UlSvew=",
          "requires": {
            "forwarded": "0.1.2",
            "ipaddr.js": "1.5.2"
          },
          "dependencies": {
            "forwarded": {
              "version": "0.1.2",
              "resolved": "https://registry.npmjs.org/forwarded/-/forwarded-0.1.2.tgz",
              "integrity": "sha1-mMI9qxF1ZXuMBXPozszZGw/xjIQ="
            },
            "ipaddr.js": {
              "version": "1.5.2",
              "resolved": "https://registry.npmjs.org/ipaddr.js/-/ipaddr.js-1.5.2.tgz",
              "integrity": "sha1-1LUFvemUaYfM8PxY2QEP+WB+P6A="
            }
          }
        },
        "qs": {
          "version": "6.5.1",
          "resolved": "https://registry.npmjs.org/qs/-/qs-6.5.1.tgz",
          "integrity": "sha1-NJzfbu+J7EXBLX1es/wMhwNDptg="
        },
        "range-parser": {
          "version": "1.2.0",
          "resolved": "https://registry.npmjs.org/range-parser/-/range-parser-1.2.0.tgz",
          "integrity": "sha1-9JvmtIeJTdxA3MlKMi9hEJLgDV4="
        },
        "safe-buffer": {
          "version": "5.1.1",
          "resolved": "https://registry.npmjs.org/safe-buffer/-/safe-buffer-5.1.1.tgz",
          "integrity": "sha1-iTMSr2myEj3vcfV4iQAWce6yyFM="
        },
        "send": {
          "version": "0.16.1",
          "resolved": "https://registry.npmjs.org/send/-/send-0.16.1.tgz",
          "integrity": "sha1-pw4coh0TgsEdDZ9iMd6ygQgNerM=",
          "requires": {
            "debug": "2.6.9",
            "depd": "1.1.1",
            "destroy": "1.0.4",
            "encodeurl": "1.0.1",
            "escape-html": "1.0.3",
            "etag": "1.8.1",
            "fresh": "0.5.2",
            "http-errors": "1.6.2",
            "mime": "1.4.1",
            "ms": "2.0.0",
            "on-finished": "2.3.0",
            "range-parser": "1.2.0",
            "statuses": "1.3.1"
          },
          "dependencies": {
            "destroy": {
              "version": "1.0.4",
              "resolved": "https://registry.npmjs.org/destroy/-/destroy-1.0.4.tgz",
              "integrity": "sha1-l4hXRCxEdJ5CBmE+N5RiBYJqvYA="
            },
            "http-errors": {
              "version": "1.6.2",
              "resolved": "https://registry.npmjs.org/http-errors/-/http-errors-1.6.2.tgz",
              "integrity": "sha1-CgAsyFcHGSp+eUbO7cERVfYOxzY=",
              "requires": {
                "depd": "1.1.1",
                "inherits": "2.0.3",
                "setprototypeof": "1.0.3",
                "statuses": "1.3.1"
              },
              "dependencies": {
                "inherits": {
                  "version": "2.0.3",
                  "resolved": "https://registry.npmjs.org/inherits/-/inherits-2.0.3.tgz",
                  "integrity": "sha1-Yzwsg+PaQqUC9SRmAiSA9CCCYd4="
                },
                "setprototypeof": {
                  "version": "1.0.3",
                  "resolved": "https://registry.npmjs.org/setprototypeof/-/setprototypeof-1.0.3.tgz",
                  "integrity": "sha1-ZlZ+NwQ+608E2RvWWMDL77VbjgQ="
                }
              }
            },
            "mime": {
              "version": "1.4.1",
              "resolved": "https://registry.npmjs.org/mime/-/mime-1.4.1.tgz",
              "integrity": "sha1-Eh+evEnjdm8xGnbh+hyAA8SwOqY="
            },
            "ms": {
              "version": "2.0.0",
              "resolved": "https://registry.npmjs.org/ms/-/ms-2.0.0.tgz",
              "integrity": "sha1-VgiurfwAvmwpAd9fmGF4jeDVl8g="
            }
          }
        },
        "serve-static": {
          "version": "1.13.1",
          "resolved": "https://registry.npmjs.org/serve-static/-/serve-static-1.13.1.tgz",
          "integrity": "sha1-TFfVNASnYdjy58HooYpH2/J4pxk=",
          "requires": {
            "encodeurl": "1.0.1",
            "escape-html": "1.0.3",
            "parseurl": "1.3.2",
            "send": "0.16.1"
          }
        },
        "setprototypeof": {
          "version": "1.1.0",
          "resolved": "https://registry.npmjs.org/setprototypeof/-/setprototypeof-1.1.0.tgz",
          "integrity": "sha1-0L2FU2iHtv58DYGMuWLZ2RxU5lY="
        },
        "statuses": {
          "version": "1.3.1",
          "resolved": "https://registry.npmjs.org/statuses/-/statuses-1.3.1.tgz",
          "integrity": "sha1-+vUbnrdKrvOzrPStX2Gr8ky3uT4="
        },
        "type-is": {
          "version": "1.6.15",
          "resolved": "https://registry.npmjs.org/type-is/-/type-is-1.6.15.tgz",
          "integrity": "sha1-yrEPtJCeRByChC6v4a1kbIGARBA=",
          "requires": {
            "media-typer": "0.3.0",
            "mime-types": "2.1.17"
          },
          "dependencies": {
            "media-typer": {
              "version": "0.3.0",
              "resolved": "https://registry.npmjs.org/media-typer/-/media-typer-0.3.0.tgz",
              "integrity": "sha1-hxDXrwqmJvj/+hzgAWhUUmMlV0g="
            },
            "mime-types": {
              "version": "2.1.17",
              "resolved": "https://registry.npmjs.org/mime-types/-/mime-types-2.1.17.tgz",
              "integrity": "sha1-Cdejk/A+mVp5+K+Fe3Cp4KsWVXo=",
              "requires": {
                "mime-db": "1.30.0"
              },
              "dependencies": {
                "mime-db": {
                  "version": "1.30.0",
                  "resolved": "https://registry.npmjs.org/mime-db/-/mime-db-1.30.0.tgz",
                  "integrity": "sha1-dMZD2i3Z1qRTmZY0ZbJtXKfXHwE="
                }
              }
            }
          }
        },
        "utils-merge": {
          "version": "1.0.1",
          "resolved": "https://registry.npmjs.org/utils-merge/-/utils-merge-1.0.1.tgz",
          "integrity": "sha1-n5VxD1CiZ5R7LMwSR0HBAoQn5xM="
        },
        "vary": {
          "version": "1.1.2",
          "resolved": "https://registry.npmjs.org/vary/-/vary-1.1.2.tgz",
          "integrity": "sha1-IpnwLG3tMNSllhsLn3RSShj2NPw="
        }
      }
    },
    "got": {
      "version": "8.0.0",
      "resolved": "https://registry.npmjs.org/got/-/got-8.0.0.tgz",
      "integrity": "sha1-V6EfhB7cWOPz66SzrCIPr1Ezdw8=",
      "requires": {
        "cacheable-request": "2.1.1",
        "decompress-response": "3.3.0",
        "duplexer3": "0.1.4",
        "get-stream": "3.0.0",
        "into-stream": "3.1.0",
        "is-plain-obj": "1.1.0",
        "is-retry-allowed": "1.1.0",
        "is-stream": "1.1.0",
        "isurl": "1.0.0",
        "lowercase-keys": "1.0.0",
        "mimic-response": "1.0.0",
        "p-cancelable": "0.3.0",
        "p-timeout": "1.2.1",
        "pify": "3.0.0",
        "safe-buffer": "5.1.1",
        "timed-out": "4.0.1",
        "url-parse-lax": "3.0.0",
        "url-to-options": "1.0.1"
      },
      "dependencies": {
        "cacheable-request": {
          "version": "2.1.1",
          "resolved": "https://registry.npmjs.org/cacheable-request/-/cacheable-request-2.1.1.tgz",
          "integrity": "sha1-qiBe4ofq5SCVD+w9xxxfQe5VUN0=",
          "requires": {
            "clone-response": "1.0.1",
            "get-stream": "3.0.0",
            "http-cache-semantics": "3.8.0",
            "keyv": "3.0.0",
            "lowercase-keys": "1.0.0",
            "normalize-url": "1.9.1",
            "responselike": "1.0.0"
          },
          "dependencies": {
            "clone-response": {
              "version": "1.0.1",
              "resolved": "https://registry.npmjs.org/clone-response/-/clone-response-1.0.1.tgz",
              "integrity": "sha1-NezbYjX1oGSXmo7yYzJcx12m1A4=",
              "requires": {
                "mimic-response": "1.0.0"
              }
            },
            "http-cache-semantics": {
              "version": "3.8.0",
              "resolved": "https://registry.npmjs.org/http-cache-semantics/-/http-cache-semantics-3.8.0.tgz",
              "integrity": "sha1-HjziSHMOGJrGkqZpe54/3qL/jaM="
            },
            "keyv": {
              "version": "3.0.0",
              "resolved": "https://registry.npmjs.org/keyv/-/keyv-3.0.0.tgz",
              "integrity": "sha1-RJI7o55osSp87H32wyaMAx8u83M=",
              "requires": {
                "json-buffer": "3.0.0"
              },
              "dependencies": {
                "json-buffer": {
                  "version": "3.0.0",
                  "resolved": "https://registry.npmjs.org/json-buffer/-/json-buffer-3.0.0.tgz",
                  "integrity": "sha1-Wx85evx11ne96Lz8Dkfh+aPZqJg="
                }
              }
            },
            "normalize-url": {
              "version": "1.9.1",
              "resolved": "https://registry.npmjs.org/normalize-url/-/normalize-url-1.9.1.tgz",
              "integrity": "sha1-LMDWazHqIwNkWENuNiDYWVTGbDw=",
              "requires": {
                "object-assign": "4.1.1",
                "prepend-http": "1.0.4",
                "query-string": "4.3.4",
                "sort-keys": "1.1.2"
              },
              "dependencies": {
                "object-assign": {
                  "version": "4.1.1",
                  "resolved": "https://registry.npmjs.org/object-assign/-/object-assign-4.1.1.tgz",
                  "integrity": "sha1-IQmtx5ZYh8/AXLvUQsrIv7s2CGM="
                },
                "prepend-http": {
                  "version": "1.0.4",
                  "resolved": "https://registry.npmjs.org/prepend-http/-/prepend-http-1.0.4.tgz",
                  "integrity": "sha1-1PRWKwzjaW5BrFLQ4ALlemNdxtw="
                },
                "query-string": {
                  "version": "4.3.4",
                  "resolved": "https://registry.npmjs.org/query-string/-/query-string-4.3.4.tgz",
                  "integrity": "sha1-u7aTucqRXCMlFbIosaArYJBD2+s=",
                  "requires": {
                    "object-assign": "4.1.1",
                    "strict-uri-encode": "1.1.0"
                  },
                  "dependencies": {
                    "strict-uri-encode": {
                      "version": "1.1.0",
                      "resolved": "https://registry.npmjs.org/strict-uri-encode/-/strict-uri-encode-1.1.0.tgz",
                      "integrity": "sha1-J5siXfHVgrH1TmWt3UNS4Y+qBxM="
                    }
                  }
                },
                "sort-keys": {
                  "version": "1.1.2",
                  "resolved": "https://registry.npmjs.org/sort-keys/-/sort-keys-1.1.2.tgz",
                  "integrity": "sha1-RBttTTRnmPG05J6JIK37oOVD+a0=",
                  "requires": {
                    "is-plain-obj": "1.1.0"
                  }
                }
              }
            },
            "responselike": {
              "version": "1.0.0",
              "resolved": "https://registry.npmjs.org/responselike/-/responselike-1.0.0.tgz",
              "integrity": "sha1-Jxxrf75NPv3Fpj+bQ2KOWWkBGd4=",
              "requires": {
                "lowercase-keys": "1.0.0"
              }
            }
          }
        },
        "decompress-response": {
          "version": "3.3.0",
          "resolved": "https://registry.npmjs.org/decompress-response/-/decompress-response-3.3.0.tgz",
          "integrity": "sha1-gKTdMjdIOEv6JICDYirt7Jgq3/M=",
          "requires": {
            "mimic-response": "1.0.0"
          }
        },
        "duplexer3": {
          "version": "0.1.4",
          "resolved": "https://registry.npmjs.org/duplexer3/-/duplexer3-0.1.4.tgz",
          "integrity": "sha1-7gHdHKwO08vH/b6jfcCo8c4ALOI="
        },
        "get-stream": {
          "version": "3.0.0",
          "resolved": "https://registry.npmjs.org/get-stream/-/get-stream-3.0.0.tgz",
          "integrity": "sha1-jpQ9E1jcN1VQVOy+LtsFqhdO3hQ="
        },
        "into-stream": {
          "version": "3.1.0",
          "resolved": "https://registry.npmjs.org/into-stream/-/into-stream-3.1.0.tgz",
          "integrity": "sha1-lvsKk2wSur1v8XUqF9BWFqvQlMY=",
          "requires": {
            "from2": "2.3.0",
            "p-is-promise": "1.1.0"
          },
          "dependencies": {
            "from2": {
              "version": "2.3.0",
              "resolved": "https://registry.npmjs.org/from2/-/from2-2.3.0.tgz",
              "integrity": "sha1-i/tVAr3kpNNs/e6gB/zKIdfjgq8=",
              "requires": {
                "inherits": "2.0.3",
                "readable-stream": "2.3.3"
              },
              "dependencies": {
                "inherits": {
                  "version": "2.0.3",
                  "resolved": "https://registry.npmjs.org/inherits/-/inherits-2.0.3.tgz",
                  "integrity": "sha1-Yzwsg+PaQqUC9SRmAiSA9CCCYd4="
                },
                "readable-stream": {
                  "version": "2.3.3",
                  "resolved": "https://registry.npmjs.org/readable-stream/-/readable-stream-2.3.3.tgz",
                  "integrity": "sha1-No8lEtefnUb9/HE0mueHi7weuVw=",
                  "requires": {
                    "core-util-is": "1.0.2",
                    "inherits": "2.0.3",
                    "isarray": "1.0.0",
                    "process-nextick-args": "1.0.7",
                    "safe-buffer": "5.1.1",
                    "string_decoder": "1.0.3",
                    "util-deprecate": "1.0.2"
                  },
                  "dependencies": {
                    "core-util-is": {
                      "version": "1.0.2",
                      "resolved": "http://registry.npmjs.org/core-util-is/-/core-util-is-1.0.2.tgz",
                      "integrity": "sha1-tf1UIgqivFq1eqtxQMlAdUUDwac="
                    },
                    "isarray": {
                      "version": "1.0.0",
                      "resolved": "https://registry.npmjs.org/isarray/-/isarray-1.0.0.tgz",
                      "integrity": "sha1-u5NdSFgsuhaMBoNJV6VKPgcSTxE="
                    },
                    "process-nextick-args": {
                      "version": "1.0.7",
                      "resolved": "https://registry.npmjs.org/process-nextick-args/-/process-nextick-args-1.0.7.tgz",
                      "integrity": "sha1-FQ4gt1ZZCtP5EJPyWk8q2L/zC6M="
                    },
                    "string_decoder": {
                      "version": "1.0.3",
                      "resolved": "https://registry.npmjs.org/string_decoder/-/string_decoder-1.0.3.tgz",
                      "integrity": "sha1-D8Z9fBQYJd6UKC3VNr7GubzoYKs=",
                      "requires": {
                        "safe-buffer": "5.1.1"
                      }
                    },
                    "util-deprecate": {
                      "version": "1.0.2",
                      "resolved": "http://registry.npmjs.org/util-deprecate/-/util-deprecate-1.0.2.tgz",
                      "integrity": "sha1-RQ1Nyfpw3nMnYvvS1KKJgUGaDM8="
                    }
                  }
                }
              }
            },
            "p-is-promise": {
              "version": "1.1.0",
              "resolved": "https://registry.npmjs.org/p-is-promise/-/p-is-promise-1.1.0.tgz",
              "integrity": "sha1-nJRWmJ6fZYgBewQ01WCXZ1w9oF4="
            }
          }
        },
        "is-plain-obj": {
          "version": "1.1.0",
          "resolved": "http://registry.npmjs.org/is-plain-obj/-/is-plain-obj-1.1.0.tgz",
          "integrity": "sha1-caUMhCnfync8kqOQpKA7OfzVHT4="
        },
        "is-retry-allowed": {
          "version": "1.1.0",
          "resolved": "https://registry.npmjs.org/is-retry-allowed/-/is-retry-allowed-1.1.0.tgz",
          "integrity": "sha1-EaBgVotnM5REAz0BJaYaINVk+zQ="
        },
        "is-stream": {
          "version": "1.1.0",
          "resolved": "https://registry.npmjs.org/is-stream/-/is-stream-1.1.0.tgz",
          "integrity": "sha1-EtSj3U5o4Lec6428hBc66A2RykQ="
        },
        "isurl": {
          "version": "1.0.0",
          "resolved": "https://registry.npmjs.org/isurl/-/isurl-1.0.0.tgz",
          "integrity": "sha1-sn9PSfPNqj6kSgpbfzRi5u3DnWc=",
          "requires": {
            "has-to-string-tag-x": "1.4.1",
            "is-object": "1.0.1"
          },
          "dependencies": {
            "has-to-string-tag-x": {
              "version": "1.4.1",
              "resolved": "https://registry.npmjs.org/has-to-string-tag-x/-/has-to-string-tag-x-1.4.1.tgz",
              "integrity": "sha1-oEWrOD17SyASoAFIqwql8pAETU0=",
              "requires": {
                "has-symbol-support-x": "1.4.1"
              },
              "dependencies": {
                "has-symbol-support-x": {
                  "version": "1.4.1",
                  "resolved": "https://registry.npmjs.org/has-symbol-support-x/-/has-symbol-support-x-1.4.1.tgz",
                  "integrity": "sha1-ZuwuN34MfXzO2wejqE13UQ/xvEw="
                }
              }
            },
            "is-object": {
              "version": "1.0.1",
              "resolved": "http://registry.npmjs.org/is-object/-/is-object-1.0.1.tgz",
              "integrity": "sha1-iVJojF7C/9awPsyF52ngKQMINHA="
            }
          }
        },
        "lowercase-keys": {
          "version": "1.0.0",
          "resolved": "http://registry.nodejitsu.com/lowercase-keys/-/lowercase-keys-1.0.0.tgz",
          "integrity": "sha1-TjNms55/VFfjXxMkvfb4jQv8cwY="
        },
        "mimic-response": {
          "version": "1.0.0",
          "resolved": "https://registry.npmjs.org/mimic-response/-/mimic-response-1.0.0.tgz",
          "integrity": "sha1-3z02Uqc/3ta5sLJBRub9BSNTRY4="
        },
        "p-cancelable": {
          "version": "0.3.0",
          "resolved": "https://registry.npmjs.org/p-cancelable/-/p-cancelable-0.3.0.tgz",
          "integrity": "sha1-ueEjgAvOu3rBOkeb4ZW1B7mNMPo="
        },
        "p-timeout": {
          "version": "1.2.1",
          "resolved": "https://registry.npmjs.org/p-timeout/-/p-timeout-1.2.1.tgz",
          "integrity": "sha1-XrOzU7f86Z8QGhA4iAuwVOu+o4Y=",
          "requires": {
            "p-finally": "1.0.0"
          },
          "dependencies": {
            "p-finally": {
              "version": "1.0.0",
              "resolved": "https://registry.npmjs.org/p-finally/-/p-finally-1.0.0.tgz",
              "integrity": "sha1-P7z7FbiZpEEjs0ttzBi3JDNqLK4="
            }
          }
        },
        "pify": {
          "version": "3.0.0",
          "resolved": "https://registry.npmjs.org/pify/-/pify-3.0.0.tgz",
          "integrity": "sha1-5aSs0sEB/fPZpNB/DbxNtJ3SgXY="
        },
        "safe-buffer": {
          "version": "5.1.1",
          "resolved": "https://registry.npmjs.org/safe-buffer/-/safe-buffer-5.1.1.tgz",
          "integrity": "sha1-iTMSr2myEj3vcfV4iQAWce6yyFM="
        },
        "timed-out": {
          "version": "4.0.1",
          "resolved": "https://registry.npmjs.org/timed-out/-/timed-out-4.0.1.tgz",
          "integrity": "sha1-8y6srFoXW+ol1/q1Zas+2HQe9W8="
        },
        "url-parse-lax": {
          "version": "3.0.0",
          "resolved": "https://registry.npmjs.org/url-parse-lax/-/url-parse-lax-3.0.0.tgz",
          "integrity": "sha1-FrXK/Afb42dsGxmZF3gj1lA6yww=",
          "requires": {
            "prepend-http": "2.0.0"
          },
          "dependencies": {
            "prepend-http": {
              "version": "2.0.0",
              "resolved": "https://registry.npmjs.org/prepend-http/-/prepend-http-2.0.0.tgz",
              "integrity": "sha1-6SQ0v6XqjBn0HN/UAddBo8gZ2Jc="
            }
          }
        },
        "url-to-options": {
          "version": "1.0.1",
          "resolved": "https://registry.npmjs.org/url-to-options/-/url-to-options-1.0.1.tgz",
          "integrity": "sha1-FQWgOiiaSMvXpDTvuu7FBV9WM6k="
        }
      }
    },
    "htmlparser2": {
      "version": "3.9.2",
      "resolved": "https://registry.npmjs.org/htmlparser2/-/htmlparser2-3.9.2.tgz",
      "integrity": "sha1-G9+HrMoPP55T+k/M6w9LTLsAszg=",
      "requires": {
        "domelementtype": "1.3.0",
        "domhandler": "2.4.1",
        "domutils": "1.5.1",
        "entities": "1.1.1",
        "inherits": "2.0.3",
        "readable-stream": "2.3.3"
      }
    },
    "inherits": {
      "version": "2.0.3",
      "resolved": "https://registry.npmjs.org/inherits/-/inherits-2.0.3.tgz",
      "integrity": "sha1-Yzwsg+PaQqUC9SRmAiSA9CCCYd4="
    },
    "isarray": {
      "version": "1.0.0",
      "resolved": "https://registry.npmjs.org/isarray/-/isarray-1.0.0.tgz",
      "integrity": "sha1-u5NdSFgsuhaMBoNJV6VKPgcSTxE="
    },
    "lodash": {
      "version": "4.17.4",
      "resolved": "https://registry.npmjs.org/lodash/-/lodash-4.17.4.tgz",
      "integrity": "sha1-eCA6TRwyiuHYbcpkYONptX9AVa4="
    },
    "nth-check": {
      "version": "1.0.1",
      "resolved": "https://registry.npmjs.org/nth-check/-/nth-check-1.0.1.tgz",
      "integrity": "sha1-mSms32KPwsQQmN6rgqxYDPFJquQ=",
      "requires": {
        "boolbase": "1.0.0"
      }
    },
    "parse5": {
      "version": "3.0.3",
      "resolved": "https://registry.npmjs.org/parse5/-/parse5-3.0.3.tgz",
      "integrity": "sha512-rgO9Zg5LLLkfJF9E6CCmXlSE4UVceloys8JrFqCcHloC3usd/kJCyPDwH2SOlzix2j3xaP9sUX3e8+kvkuleAA==",
      "requires": {
        "@types/node": "8.0.53"
      }
    },
    "pg": {
      "version": "7.4.0",
      "resolved": "https://registry.npmjs.org/pg/-/pg-7.4.0.tgz",
      "integrity": "sha1-4lYGHSxScjw8hY3vuX8RWcpmD4M=",
      "requires": {
        "buffer-writer": "1.0.1",
        "js-string-escape": "1.0.1",
        "packet-reader": "0.3.1",
        "pg-connection-string": "0.1.3",
        "pg-pool": "2.0.3",
        "pg-types": "1.12.1",
        "pgpass": "1.0.2",
        "semver": "4.3.2"
      },
      "dependencies": {
        "buffer-writer": {
          "version": "1.0.1",
          "resolved": "https://registry.npmjs.org/buffer-writer/-/buffer-writer-1.0.1.tgz",
          "integrity": "sha1-Iqk2kB4wKa/NdUfrRIfOtpejvwg="
        },
        "js-string-escape": {
          "version": "1.0.1",
          "resolved": "https://registry.npmjs.org/js-string-escape/-/js-string-escape-1.0.1.tgz",
          "integrity": "sha1-4mJbrbwNZ8dTPp7cEGjFh65BN+8="
        },
        "packet-reader": {
          "version": "0.3.1",
          "resolved": "https://registry.npmjs.org/packet-reader/-/packet-reader-0.3.1.tgz",
          "integrity": "sha1-zWLmCvjX/qinBexP+ZCHHEaHHyc="
        },
        "pg-connection-string": {
          "version": "0.1.3",
          "resolved": "https://registry.npmjs.org/pg-connection-string/-/pg-connection-string-0.1.3.tgz",
          "integrity": "sha1-2hhHsglA5C7hSSvq9l1J2RskXfc="
        },
        "pg-pool": {
          "version": "2.0.3",
          "resolved": "https://registry.npmjs.org/pg-pool/-/pg-pool-2.0.3.tgz",
          "integrity": "sha1-wCIDLIlJ8xKk+R+2QJzgQHa+Mlc="
        },
        "pg-types": {
          "version": "1.12.1",
          "resolved": "https://registry.npmjs.org/pg-types/-/pg-types-1.12.1.tgz",
          "integrity": "sha1-1kCH45A7WP+q0nnnWVxSIIoUw9I=",
          "requires": {
            "postgres-array": "1.0.2",
            "postgres-bytea": "1.0.0",
            "postgres-date": "1.0.3",
            "postgres-interval": "1.1.1"
          },
          "dependencies": {
            "postgres-array": {
              "version": "1.0.2",
              "resolved": "https://registry.npmjs.org/postgres-array/-/postgres-array-1.0.2.tgz",
              "integrity": "sha1-jgsy6wO/d6XAp4UeBEHBaaJWojg="
            },
            "postgres-bytea": {
              "version": "1.0.0",
              "resolved": "https://registry.npmjs.org/postgres-bytea/-/postgres-bytea-1.0.0.tgz",
              "integrity": "sha1-AntTPAqokOJtFy1Hz5zOzFIazTU="
            },
            "postgres-date": {
              "version": "1.0.3",
              "resolved": "https://registry.npmjs.org/postgres-date/-/postgres-date-1.0.3.tgz",
              "integrity": "sha1-4tiXAu/bJY/52c7g/pG9BpdSV6g="
            },
            "postgres-interval": {
              "version": "1.1.1",
              "resolved": "https://registry.npmjs.org/postgres-interval/-/postgres-interval-1.1.1.tgz",
              "integrity": "sha1-rNsPiXtLHG5JbZ1OCoU+HEKPBvA=",
              "requires": {
                "xtend": "4.0.1"
              },
              "dependencies": {
                "xtend": {
                  "version": "4.0.1",
                  "resolved": "http://registry.npmjs.org/xtend/-/xtend-4.0.1.tgz",
                  "integrity": "sha1-pcbVMr5lbiPbgg77lDofBJmNY68="
                }
              }
            }
          }
        },
        "pgpass": {
          "version": "1.0.2",
          "resolved": "https://registry.npmjs.org/pgpass/-/pgpass-1.0.2.tgz",
          "integrity": "sha1-Knu0G2BltnkH6R2hsHwYR8h3swY=",
          "requires": {
            "split": "1.0.1"
          },
          "dependencies": {
            "split": {
              "version": "1.0.1",
              "resolved": "https://registry.npmjs.org/split/-/split-1.0.1.tgz",
              "integrity": "sha1-YFvZvjA6pZ+zX5Ip++oN3snqB9k=",
              "requires": {
                "through": "2.3.8"
              },
              "dependencies": {
                "through": {
                  "version": "2.3.8",
                  "resolved": "http://registry.nodejitsu.com/through/-/through-2.3.8.tgz",
                  "integrity": "sha1-DdTJ/6q8NXlgsbckEV1+Doai4fU="
                }
              }
            }
          }
        },
        "semver": {
          "version": "4.3.2",
          "resolved": "https://registry.npmjs.org/semver/-/semver-4.3.2.tgz",
          "integrity": "sha1-x6BxWKgL7dBSNVt3DYLWZA+AO+c="
        }
      }
    },
    "pg-hstore": {
      "version": "2.3.2",
      "resolved": "https://registry.npmjs.org/pg-hstore/-/pg-hstore-2.3.2.tgz",
      "integrity": "sha1-9+8FPnubiSrphq8vfL6GQy388k8=",
      "requires": {
        "underscore": "1.8.3"
      },
      "dependencies": {
        "underscore": {
          "version": "1.8.3",
          "resolved": "http://registry.nodejitsu.com/underscore/-/underscore-1.8.3.tgz",
          "integrity": "sha1-Tz+1OxBuYJf8+ctBCfKl6b36UCI="
        }
      }
    },
    "process-nextick-args": {
      "version": "1.0.7",
      "resolved": "https://registry.npmjs.org/process-nextick-args/-/process-nextick-args-1.0.7.tgz",
      "integrity": "sha1-FQ4gt1ZZCtP5EJPyWk8q2L/zC6M="
    },
    "readable-stream": {
      "version": "2.3.3",
      "resolved": "https://registry.npmjs.org/readable-stream/-/readable-stream-2.3.3.tgz",
      "integrity": "sha512-m+qzzcn7KUxEmd1gMbchF+Y2eIUbieUaxkWtptyHywrX0rE8QEYqPC07Vuy4Wm32/xE16NcdBctb8S0Xe/5IeQ==",
      "requires": {
        "core-util-is": "1.0.2",
        "inherits": "2.0.3",
        "isarray": "1.0.0",
        "process-nextick-args": "1.0.7",
        "safe-buffer": "5.1.1",
        "string_decoder": "1.0.3",
        "util-deprecate": "1.0.2"
      }
    },
    "safe-buffer": {
      "version": "5.1.1",
      "resolved": "https://registry.npmjs.org/safe-buffer/-/safe-buffer-5.1.1.tgz",
      "integrity": "sha512-kKvNJn6Mm93gAczWVJg7wH+wGYWNrDHdWvpUmHyEsgCtIwwo3bqPtV4tR5tuPaUhTOo/kvhVwd8XwwOllGYkbg=="
    },
    "sequelize": {
      "version": "4.22.12",
      "resolved": "https://registry.npmjs.org/sequelize/-/sequelize-4.22.12.tgz",
      "integrity": "sha1-j4/l45GiqGeNLAO5c1ZOpkV4EKI=",
      "requires": {
        "bluebird": "3.5.1",
        "cls-bluebird": "2.0.1",
        "debug": "3.1.0",
        "depd": "1.1.1",
        "dottie": "2.0.0",
        "generic-pool": "3.2.0",
        "inflection": "1.12.0",
        "lodash": "4.17.4",
        "moment": "2.19.2",
        "moment-timezone": "0.5.14",
        "retry-as-promised": "2.3.2",
        "semver": "5.4.1",
        "terraformer-wkt-parser": "1.1.2",
        "toposort-class": "1.0.1",
        "uuid": "3.1.0",
        "validator": "9.1.1",
        "wkx": "0.4.2"
      },
      "dependencies": {
        "bluebird": {
          "version": "3.5.1",
          "resolved": "https://registry.npmjs.org/bluebird/-/bluebird-3.5.1.tgz",
          "integrity": "sha1-2VUfnemPH82h5oPRfukaBgLuLrk="
        },
        "cls-bluebird": {
          "version": "2.0.1",
          "resolved": "https://registry.npmjs.org/cls-bluebird/-/cls-bluebird-2.0.1.tgz",
          "integrity": "sha1-wlmkgK4CwOUGE0MHuxPbMERu4uc=",
          "requires": {
            "is-bluebird": "1.0.2",
            "shimmer": "1.2.0"
          },
          "dependencies": {
            "is-bluebird": {
              "version": "1.0.2",
              "resolved": "https://registry.npmjs.org/is-bluebird/-/is-bluebird-1.0.2.tgz",
              "integrity": "sha1-CWQ5Bg9KpBGr7hkUOoTWpVNG1uI="
            },
            "shimmer": {
              "version": "1.2.0",
              "resolved": "https://registry.npmjs.org/shimmer/-/shimmer-1.2.0.tgz",
              "integrity": "sha1-+Wb3VVeJdj502IQRk2haXnhzZmU="
            }
          }
        },
        "debug": {
          "version": "3.1.0",
          "resolved": "https://registry.npmjs.org/debug/-/debug-3.1.0.tgz",
          "integrity": "sha1-W7WgZyYotkFJVmuhaBnmFRjGcmE=",
          "requires": {
            "ms": "2.0.0"
          },
          "dependencies": {
            "ms": {
              "version": "2.0.0",
              "resolved": "https://registry.npmjs.org/ms/-/ms-2.0.0.tgz",
              "integrity": "sha1-VgiurfwAvmwpAd9fmGF4jeDVl8g="
            }
          }
        },
        "depd": {
          "version": "1.1.1",
          "resolved": "https://registry.npmjs.org/depd/-/depd-1.1.1.tgz",
          "integrity": "sha1-V4O04cRZ8G+lyif5kfPQbnoxA1k="
        },
        "dottie": {
          "version": "2.0.0",
          "resolved": "https://registry.npmjs.org/dottie/-/dottie-2.0.0.tgz",
          "integrity": "sha1-2hkZgci41xPKARXViYzzl8Lw3dA="
        },
        "generic-pool": {
          "version": "3.2.0",
          "resolved": "https://registry.npmjs.org/generic-pool/-/generic-pool-3.2.0.tgz",
          "integrity": "sha1-wdSF7L1vGMBRPUdB0JimcV6u7Kg="
        },
        "inflection": {
          "version": "1.12.0",
          "resolved": "https://registry.npmjs.org/inflection/-/inflection-1.12.0.tgz",
          "integrity": "sha1-ogCTVlbW9fa8TcdQLhrstwMihBY="
        },
        "lodash": {
          "version": "4.17.4",
          "resolved": "https://registry.npmjs.org/lodash/-/lodash-4.17.4.tgz",
          "integrity": "sha1-eCA6TRwyiuHYbcpkYONptX9AVa4="
        },
        "moment": {
          "version": "2.19.2",
          "resolved": "https://registry.npmjs.org/moment/-/moment-2.19.2.tgz",
          "integrity": "sha1-in93TJWmRVC0x+vUlmg5CPlBnb4="
        },
        "moment-timezone": {
          "version": "0.5.14",
          "resolved": "https://registry.npmjs.org/moment-timezone/-/moment-timezone-0.5.14.tgz",
          "integrity": "sha1-TrOP+VOLgBCLpGekWPPtQmjM/LE=",
          "requires": {
            "moment": "2.19.2"
          }
        },
        "retry-as-promised": {
          "version": "2.3.2",
          "resolved": "https://registry.npmjs.org/retry-as-promised/-/retry-as-promised-2.3.2.tgz",
          "integrity": "sha1-zZdO5P2bX+A8vzGHHuSCIcB3N7c=",
          "requires": {
            "bluebird": "3.5.1",
            "debug": "2.6.9"
          },
          "dependencies": {
            "debug": {
              "version": "2.6.9",
              "resolved": "https://registry.npmjs.org/debug/-/debug-2.6.9.tgz",
              "integrity": "sha1-XRKFFd8TT/Mn6QpMk/Tgd6U2NB8=",
              "requires": {
                "ms": "2.0.0"
              },
              "dependencies": {
                "ms": {
                  "version": "2.0.0",
                  "resolved": "https://registry.npmjs.org/ms/-/ms-2.0.0.tgz",
                  "integrity": "sha1-VgiurfwAvmwpAd9fmGF4jeDVl8g="
                }
              }
            }
          }
        },
        "semver": {
          "version": "5.4.1",
          "resolved": "https://registry.npmjs.org/semver/-/semver-5.4.1.tgz",
          "integrity": "sha1-4FnAnYVx8FQII3M0M1BdOi8AsY4="
        },
        "terraformer-wkt-parser": {
          "version": "1.1.2",
          "resolved": "https://registry.npmjs.org/terraformer-wkt-parser/-/terraformer-wkt-parser-1.1.2.tgz",
          "integrity": "sha1-M2oMj8gglKWv+DKI9prt7NNpvww=",
          "requires": {
            "terraformer": "1.0.8"
          },
          "dependencies": {
            "terraformer": {
              "version": "1.0.8",
              "resolved": "https://registry.npmjs.org/terraformer/-/terraformer-1.0.8.tgz",
              "integrity": "sha1-UeCtiXRvzyFh3G9lqnDkI3fItZM=",
              "requires": {
                "@types/geojson": "1.0.6"
              },
              "dependencies": {
                "@types/geojson": {
                  "version": "1.0.6",
                  "resolved": "https://registry.npmjs.org/@types/geojson/-/geojson-1.0.6.tgz",
                  "integrity": "sha1-PgKXJyjGkkjCrwjWCkjLuGgP/98="
                }
              }
            }
          }
        },
        "toposort-class": {
          "version": "1.0.1",
          "resolved": "https://registry.npmjs.org/toposort-class/-/toposort-class-1.0.1.tgz",
          "integrity": "sha1-f/0feMi+KMO6Rc1OGj9e4ZO9mYg="
        },
        "uuid": {
          "version": "3.1.0",
          "resolved": "https://registry.npmjs.org/uuid/-/uuid-3.1.0.tgz",
          "integrity": "sha1-PdPT55Crwk17DToDT/q6vijrvAQ="
        },
        "validator": {
          "version": "9.1.1",
          "resolved": "https://registry.npmjs.org/validator/-/validator-9.1.1.tgz",
          "integrity": "sha1-O90QZcvSj52WrIBt7gEDDTL9l+8="
        },
        "wkx": {
          "version": "0.4.2",
          "resolved": "https://registry.npmjs.org/wkx/-/wkx-0.4.2.tgz",
          "integrity": "sha1-d201pjSlwi5lbkdEvetU+D/Szo0=",
          "requires": {
            "@types/node": "8.0.53"
          },
          "dependencies": {
            "@types/node": {
              "version": "8.0.53",
              "resolved": "https://registry.npmjs.org/@types/node/-/node-8.0.53.tgz",
              "integrity": "sha1-OWs1r4JvpmqtRyyMt7jV4nf05tg="
            }
          }
        }
      }
    },
    "string_decoder": {
      "version": "1.0.3",
      "resolved": "https://registry.npmjs.org/string_decoder/-/string_decoder-1.0.3.tgz",
      "integrity": "sha512-4AH6Z5fzNNBcH+6XDMfA/BTt87skxqJlO0lAh3Dker5zThcAxG6mKz+iGu308UKoPPQ8Dcqx/4JhujzltRa+hQ==",
      "requires": {
        "safe-buffer": "5.1.1"
      }
    },
    "util-deprecate": {
      "version": "1.0.2",
      "resolved": "https://registry.npmjs.org/util-deprecate/-/util-deprecate-1.0.2.tgz",
      "integrity": "sha1-RQ1Nyfpw3nMnYvvS1KKJgUGaDM8="
    }
  }
}
